// !$*UTF8*$!
{
	archiveVersion = 1;
	classes = {
	};
	objectVersion = 50;
	objects = {

/* Begin PBXBuildFile section */
		0B25354521DC2F2200205748 /* AppDelegate.swift in Sources */ = {isa = PBXBuildFile; fileRef = 0B25354421DC2F2200205748 /* AppDelegate.swift */; };
		0B25354721DC2F2200205748 /* ViewController.swift in Sources */ = {isa = PBXBuildFile; fileRef = 0B25354621DC2F2200205748 /* ViewController.swift */; };
		0B25354A21DC2F2200205748 /* Main.storyboard in Resources */ = {isa = PBXBuildFile; fileRef = 0B25354821DC2F2200205748 /* Main.storyboard */; };
		0B25354C21DC2F2600205748 /* Assets.xcassets in Resources */ = {isa = PBXBuildFile; fileRef = 0B25354B21DC2F2600205748 /* Assets.xcassets */; };
		0B25354F21DC2F2600205748 /* LaunchScreen.storyboard in Resources */ = {isa = PBXBuildFile; fileRef = 0B25354D21DC2F2600205748 /* LaunchScreen.storyboard */; };
		0B3C663021EC3D9A00F7EC20 /* DetailViewController.swift in Sources */ = {isa = PBXBuildFile; fileRef = 0B3C662F21EC3D9A00F7EC20 /* DetailViewController.swift */; };
		0B3C663221ED8F8200F7EC20 /* InfoCell.swift in Sources */ = {isa = PBXBuildFile; fileRef = 0B3C663121ED8F8200F7EC20 /* InfoCell.swift */; };
		0B3C663421EEECB900F7EC20 /* SWAPIClient.swift in Sources */ = {isa = PBXBuildFile; fileRef = 0B3C663321EEECB900F7EC20 /* SWAPIClient.swift */; };
		0B3C663621EEECE400F7EC20 /* Page.swift in Sources */ = {isa = PBXBuildFile; fileRef = 0B3C663521EEECE400F7EC20 /* Page.swift */; };
		0B3C663821EEED6600F7EC20 /* Character.swift in Sources */ = {isa = PBXBuildFile; fileRef = 0B3C663721EEED6600F7EC20 /* Character.swift */; };
		0B3C663A21EEF4C600F7EC20 /* SWAPIError.swift in Sources */ = {isa = PBXBuildFile; fileRef = 0B3C663921EEF4C600F7EC20 /* SWAPIError.swift */; };
		0B3C664021F417A300F7EC20 /* Vehicle.swift in Sources */ = {isa = PBXBuildFile; fileRef = 0B3C663F21F417A300F7EC20 /* Vehicle.swift */; };
		0B3C664621F41DD200F7EC20 /* Starship.swift in Sources */ = {isa = PBXBuildFile; fileRef = 0B3C664521F41DD200F7EC20 /* Starship.swift */; };
		0B3C664821F5691300F7EC20 /* Result.swift in Sources */ = {isa = PBXBuildFile; fileRef = 0B3C664721F5691300F7EC20 /* Result.swift */; };
		0B3C664A21F82DAE00F7EC20 /* Planet.swift in Sources */ = {isa = PBXBuildFile; fileRef = 0B3C664921F82DAE00F7EC20 /* Planet.swift */; };
		0BB5E3802207485700DEB528 /* Formatter.swift in Sources */ = {isa = PBXBuildFile; fileRef = 0BB5E37F2207485700DEB528 /* Formatter.swift */; };
		0BB5E3822209589C00DEB528 /* UserStrings.swift in Sources */ = {isa = PBXBuildFile; fileRef = 0BB5E3812209589C00DEB528 /* UserStrings.swift */; };
		0BB5E38422100B6000DEB528 /* StringExtensions.swift in Sources */ = {isa = PBXBuildFile; fileRef = 0BB5E38322100B6000DEB528 /* StringExtensions.swift */; };
		0BB5E3882218D79200DEB528 /* SWDataSource.swift in Sources */ = {isa = PBXBuildFile; fileRef = 0BB5E3872218D79100DEB528 /* SWDataSource.swift */; };
		0BB5E38A2219C5FA00DEB528 /* InfoCellModel.swift in Sources */ = {isa = PBXBuildFile; fileRef = 0BB5E3892219C5FA00DEB528 /* InfoCellModel.swift */; };
/* End PBXBuildFile section */

/* Begin PBXFileReference section */
		0B25354121DC2F2200205748 /* SWAPI.app */ = {isa = PBXFileReference; explicitFileType = wrapper.application; includeInIndex = 0; path = SWAPI.app; sourceTree = BUILT_PRODUCTS_DIR; };
		0B25354421DC2F2200205748 /* AppDelegate.swift */ = {isa = PBXFileReference; lastKnownFileType = sourcecode.swift; path = AppDelegate.swift; sourceTree = "<group>"; };
		0B25354621DC2F2200205748 /* ViewController.swift */ = {isa = PBXFileReference; lastKnownFileType = sourcecode.swift; path = ViewController.swift; sourceTree = "<group>"; };
		0B25354921DC2F2200205748 /* Base */ = {isa = PBXFileReference; lastKnownFileType = file.storyboard; name = Base; path = Base.lproj/Main.storyboard; sourceTree = "<group>"; };
		0B25354B21DC2F2600205748 /* Assets.xcassets */ = {isa = PBXFileReference; lastKnownFileType = folder.assetcatalog; path = Assets.xcassets; sourceTree = "<group>"; };
		0B25354E21DC2F2600205748 /* Base */ = {isa = PBXFileReference; lastKnownFileType = file.storyboard; name = Base; path = Base.lproj/LaunchScreen.storyboard; sourceTree = "<group>"; };
		0B25355021DC2F2600205748 /* Info.plist */ = {isa = PBXFileReference; lastKnownFileType = text.plist.xml; path = Info.plist; sourceTree = "<group>"; };
		0B3C662F21EC3D9A00F7EC20 /* DetailViewController.swift */ = {isa = PBXFileReference; lastKnownFileType = sourcecode.swift; path = DetailViewController.swift; sourceTree = "<group>"; };
		0B3C663121ED8F8200F7EC20 /* InfoCell.swift */ = {isa = PBXFileReference; lastKnownFileType = sourcecode.swift; path = InfoCell.swift; sourceTree = "<group>"; };
		0B3C663321EEECB900F7EC20 /* SWAPIClient.swift */ = {isa = PBXFileReference; lastKnownFileType = sourcecode.swift; path = SWAPIClient.swift; sourceTree = "<group>"; };
		0B3C663521EEECE400F7EC20 /* Page.swift */ = {isa = PBXFileReference; lastKnownFileType = sourcecode.swift; path = Page.swift; sourceTree = "<group>"; };
		0B3C663721EEED6600F7EC20 /* Character.swift */ = {isa = PBXFileReference; lastKnownFileType = sourcecode.swift; path = Character.swift; sourceTree = "<group>"; };
		0B3C663921EEF4C600F7EC20 /* SWAPIError.swift */ = {isa = PBXFileReference; lastKnownFileType = sourcecode.swift; path = SWAPIError.swift; sourceTree = "<group>"; };
		0B3C663F21F417A300F7EC20 /* Vehicle.swift */ = {isa = PBXFileReference; lastKnownFileType = sourcecode.swift; path = Vehicle.swift; sourceTree = "<group>"; };
		0B3C664521F41DD200F7EC20 /* Starship.swift */ = {isa = PBXFileReference; lastKnownFileType = sourcecode.swift; path = Starship.swift; sourceTree = "<group>"; };
		0B3C664721F5691300F7EC20 /* Result.swift */ = {isa = PBXFileReference; lastKnownFileType = sourcecode.swift; path = Result.swift; sourceTree = "<group>"; };
		0B3C664921F82DAE00F7EC20 /* Planet.swift */ = {isa = PBXFileReference; lastKnownFileType = sourcecode.swift; path = Planet.swift; sourceTree = "<group>"; };
		0BB5E37F2207485700DEB528 /* Formatter.swift */ = {isa = PBXFileReference; lastKnownFileType = sourcecode.swift; path = Formatter.swift; sourceTree = "<group>"; };
		0BB5E3812209589C00DEB528 /* UserStrings.swift */ = {isa = PBXFileReference; lastKnownFileType = sourcecode.swift; path = UserStrings.swift; sourceTree = "<group>"; };
		0BB5E38322100B6000DEB528 /* StringExtensions.swift */ = {isa = PBXFileReference; lastKnownFileType = sourcecode.swift; path = StringExtensions.swift; sourceTree = "<group>"; };
		0BB5E3872218D79100DEB528 /* SWDataSource.swift */ = {isa = PBXFileReference; lastKnownFileType = sourcecode.swift; path = SWDataSource.swift; sourceTree = "<group>"; };
		0BB5E3892219C5FA00DEB528 /* InfoCellModel.swift */ = {isa = PBXFileReference; lastKnownFileType = sourcecode.swift; path = InfoCellModel.swift; sourceTree = "<group>"; };
/* End PBXFileReference section */

/* Begin PBXFrameworksBuildPhase section */
		0B25353E21DC2F2200205748 /* Frameworks */ = {
			isa = PBXFrameworksBuildPhase;
			buildActionMask = 2147483647;
			files = (
			);
			runOnlyForDeploymentPostprocessing = 0;
		};
/* End PBXFrameworksBuildPhase section */

/* Begin PBXGroup section */
		0B25353821DC2F2200205748 = {
			isa = PBXGroup;
			children = (
				0B25354321DC2F2200205748 /* SWAPI */,
				0B25354221DC2F2200205748 /* Products */,
			);
			sourceTree = "<group>";
		};
		0B25354221DC2F2200205748 /* Products */ = {
			isa = PBXGroup;
			children = (
				0B25354121DC2F2200205748 /* SWAPI.app */,
			);
			name = Products;
			sourceTree = "<group>";
		};
		0B25354321DC2F2200205748 /* SWAPI */ = {
			isa = PBXGroup;
			children = (
				0B25354421DC2F2200205748 /* AppDelegate.swift */,
				0B3C663921EEF4C600F7EC20 /* SWAPIError.swift */,
				0B25354621DC2F2200205748 /* ViewController.swift */,
				0B3C662F21EC3D9A00F7EC20 /* DetailViewController.swift */,
				0B25354821DC2F2200205748 /* Main.storyboard */,
				0B25354B21DC2F2600205748 /* Assets.xcassets */,
				0B25354D21DC2F2600205748 /* LaunchScreen.storyboard */,
				0B25355021DC2F2600205748 /* Info.plist */,
				0B3C663121ED8F8200F7EC20 /* InfoCell.swift */,
				0B3C663321EEECB900F7EC20 /* SWAPIClient.swift */,
				0B3C663521EEECE400F7EC20 /* Page.swift */,
				0B3C663721EEED6600F7EC20 /* Character.swift */,
				0B3C663F21F417A300F7EC20 /* Vehicle.swift */,
				0B3C664521F41DD200F7EC20 /* Starship.swift */,
				0B3C664721F5691300F7EC20 /* Result.swift */,
				0B3C664921F82DAE00F7EC20 /* Planet.swift */,
				0BB5E37F2207485700DEB528 /* Formatter.swift */,
				0BB5E3812209589C00DEB528 /* UserStrings.swift */,
				0BB5E38322100B6000DEB528 /* StringExtensions.swift */,
				0BB5E3872218D79100DEB528 /* SWDataSource.swift */,
				0BB5E3892219C5FA00DEB528 /* InfoCellModel.swift */,
			);
			path = SWAPI;
			sourceTree = "<group>";
		};
/* End PBXGroup section */

/* Begin PBXNativeTarget section */
		0B25354021DC2F2200205748 /* SWAPI */ = {
			isa = PBXNativeTarget;
			buildConfigurationList = 0B25355321DC2F2600205748 /* Build configuration list for PBXNativeTarget "SWAPI" */;
			buildPhases = (
				0B25353D21DC2F2200205748 /* Sources */,
				0B25353E21DC2F2200205748 /* Frameworks */,
				0B25353F21DC2F2200205748 /* Resources */,
			);
			buildRules = (
			);
			dependencies = (
			);
			name = SWAPI;
			productName = SWAPI;
			productReference = 0B25354121DC2F2200205748 /* SWAPI.app */;
			productType = "com.apple.product-type.application";
		};
/* End PBXNativeTarget section */

/* Begin PBXProject section */
		0B25353921DC2F2200205748 /* Project object */ = {
			isa = PBXProject;
			attributes = {
				LastSwiftUpdateCheck = 1010;
				LastUpgradeCheck = 1010;
				ORGANIZATIONNAME = "Joshua Borck";
				TargetAttributes = {
					0B25354021DC2F2200205748 = {
						CreatedOnToolsVersion = 10.1;
					};
				};
			};
			buildConfigurationList = 0B25353C21DC2F2200205748 /* Build configuration list for PBXProject "SWAPI" */;
			compatibilityVersion = "Xcode 9.3";
			developmentRegion = en;
			hasScannedForEncodings = 0;
			knownRegions = (
				en,
				Base,
			);
			mainGroup = 0B25353821DC2F2200205748;
			productRefGroup = 0B25354221DC2F2200205748 /* Products */;
			projectDirPath = "";
			projectRoot = "";
			targets = (
				0B25354021DC2F2200205748 /* SWAPI */,
			);
		};
/* End PBXProject section */

/* Begin PBXResourcesBuildPhase section */
		0B25353F21DC2F2200205748 /* Resources */ = {
			isa = PBXResourcesBuildPhase;
			buildActionMask = 2147483647;
			files = (
				0B25354F21DC2F2600205748 /* LaunchScreen.storyboard in Resources */,
				0B25354C21DC2F2600205748 /* Assets.xcassets in Resources */,
				0B25354A21DC2F2200205748 /* Main.storyboard in Resources */,
			);
			runOnlyForDeploymentPostprocessing = 0;
		};
/* End PBXResourcesBuildPhase section */

/* Begin PBXSourcesBuildPhase section */
		0B25353D21DC2F2200205748 /* Sources */ = {
			isa = PBXSourcesBuildPhase;
			buildActionMask = 2147483647;
			files = (
				0BB5E38A2219C5FA00DEB528 /* InfoCellModel.swift in Sources */,
				0B3C663621EEECE400F7EC20 /* Page.swift in Sources */,
				0BB5E38422100B6000DEB528 /* StringExtensions.swift in Sources */,
				0BB5E3882218D79200DEB528 /* SWDataSource.swift in Sources */,
				0BB5E3802207485700DEB528 /* Formatter.swift in Sources */,
				0B3C664621F41DD200F7EC20 /* Starship.swift in Sources */,
				0B3C663A21EEF4C600F7EC20 /* SWAPIError.swift in Sources */,
				0B3C664021F417A300F7EC20 /* Vehicle.swift in Sources */,
				0B3C663021EC3D9A00F7EC20 /* DetailViewController.swift in Sources */,
				0B3C664821F5691300F7EC20 /* Result.swift in Sources */,
				0B3C663821EEED6600F7EC20 /* Character.swift in Sources */,
				0B3C663221ED8F8200F7EC20 /* InfoCell.swift in Sources */,
				0B25354721DC2F2200205748 /* ViewController.swift in Sources */,
				0B3C664A21F82DAE00F7EC20 /* Planet.swift in Sources */,
				0BB5E3822209589C00DEB528 /* UserStrings.swift in Sources */,
				0B25354521DC2F2200205748 /* AppDelegate.swift in Sources */,
				0B3C663421EEECB900F7EC20 /* SWAPIClient.swift in Sources */,
			);
			runOnlyForDeploymentPostprocessing = 0;
		};
/* End PBXSourcesBuildPhase section */

/* Begin PBXVariantGroup section */
		0B25354821DC2F2200205748 /* Main.storyboard */ = {
			isa = PBXVariantGroup;
			children = (
				0B25354921DC2F2200205748 /* Base */,
			);
			name = Main.storyboard;
			sourceTree = "<group>";
		};
		0B25354D21DC2F2600205748 /* LaunchScreen.storyboard */ = {
			isa = PBXVariantGroup;
			children = (
				0B25354E21DC2F2600205748 /* Base */,
			);
			name = LaunchScreen.storyboard;
			sourceTree = "<group>";
		};
/* End PBXVariantGroup section */

/* Begin XCBuildConfiguration section */
		0B25355121DC2F2600205748 /* Debug */ = {
			isa = XCBuildConfiguration;
			buildSettings = {
				ALWAYS_SEARCH_USER_PATHS = NO;
				CLANG_ANALYZER_NONNULL = YES;
				CLANG_ANALYZER_NUMBER_OBJECT_CONVERSION = YES_AGGRESSIVE;
				CLANG_CXX_LANGUAGE_STANDARD = "gnu++14";
				CLANG_CXX_LIBRARY = "libc++";
				CLANG_ENABLE_MODULES = YES;
				CLANG_ENABLE_OBJC_ARC = YES;
				CLANG_ENABLE_OBJC_WEAK = YES;
				CLANG_WARN_BLOCK_CAPTURE_AUTORELEASING = YES;
				CLANG_WARN_BOOL_CONVERSION = YES;
				CLANG_WARN_COMMA = YES;
				CLANG_WARN_CONSTANT_CONVERSION = YES;
				CLANG_WARN_DEPRECATED_OBJC_IMPLEMENTATIONS = YES;
				CLANG_WARN_DIRECT_OBJC_ISA_USAGE = YES_ERROR;
				CLANG_WARN_DOCUMENTATION_COMMENTS = YES;
				CLANG_WARN_EMPTY_BODY = YES;
				CLANG_WARN_ENUM_CONVERSION = YES;
				CLANG_WARN_INFINITE_RECURSION = YES;
				CLANG_WARN_INT_CONVERSION = YES;
				CLANG_WARN_NON_LITERAL_NULL_CONVERSION = YES;
				CLANG_WARN_OBJC_IMPLICIT_RETAIN_SELF = YES;
				CLANG_WARN_OBJC_LITERAL_CONVERSION = YES;
				CLANG_WARN_OBJC_ROOT_CLASS = YES_ERROR;
				CLANG_WARN_RANGE_LOOP_ANALYSIS = YES;
				CLANG_WARN_STRICT_PROTOTYPES = YES;
				CLANG_WARN_SUSPICIOUS_MOVE = YES;
				CLANG_WARN_UNGUARDED_AVAILABILITY = YES_AGGRESSIVE;
				CLANG_WARN_UNREACHABLE_CODE = YES;
				CLANG_WARN__DUPLICATE_METHOD_MATCH = YES;
				CODE_SIGN_IDENTITY = "iPhone Developer";
				COPY_PHASE_STRIP = NO;
				DEBUG_INFORMATION_FORMAT = dwarf;
				ENABLE_STRICT_OBJC_MSGSEND = YES;
				ENABLE_TESTABILITY = YES;
				GCC_C_LANGUAGE_STANDARD = gnu11;
				GCC_DYNAMIC_NO_PIC = NO;
				GCC_NO_COMMON_BLOCKS = YES;
				GCC_OPTIMIZATION_LEVEL = 0;
				GCC_PREPROCESSOR_DEFINITIONS = (
					"DEBUG=1",
					"$(inherited)",
				);
				GCC_WARN_64_TO_32_BIT_CONVERSION = YES;
				GCC_WARN_ABOUT_RETURN_TYPE = YES_ERROR;
				GCC_WARN_UNDECLARED_SELECTOR = YES;
				GCC_WARN_UNINITIALIZED_AUTOS = YES_AGGRESSIVE;
				GCC_WARN_UNUSED_FUNCTION = YES;
				GCC_WARN_UNUSED_VARIABLE = YES;
				IPHONEOS_DEPLOYMENT_TARGET = 12.1;
				MTL_ENABLE_DEBUG_INFO = INCLUDE_SOURCE;
				MTL_FAST_MATH = YES;
				ONLY_ACTIVE_ARCH = YES;
				SDKROOT = iphoneos;
				SWIFT_ACTIVE_COMPILATION_CONDITIONS = DEBUG;
				SWIFT_OPTIMIZATION_LEVEL = "-Onone";
			};
			name = Debug;
		};
		0B25355221DC2F2600205748 /* Release */ = {
			isa = XCBuildConfiguration;
			buildSettings = {
				ALWAYS_SEARCH_USER_PATHS = NO;
				CLANG_ANALYZER_NONNULL = YES;
				CLANG_ANALYZER_NUMBER_OBJECT_CONVERSION = YES_AGGRESSIVE;
				CLANG_CXX_LANGUAGE_STANDARD = "gnu++14";
				CLANG_CXX_LIBRARY = "libc++";
				CLANG_ENABLE_MODULES = YES;
				CLANG_ENABLE_OBJC_ARC = YES;
				CLANG_ENABLE_OBJC_WEAK = YES;
				CLANG_WARN_BLOCK_CAPTURE_AUTORELEASING = YES;
				CLANG_WARN_BOOL_CONVERSION = YES;
				CLANG_WARN_COMMA = YES;
				CLANG_WARN_CONSTANT_CONVERSION = YES;
				CLANG_WARN_DEPRECATED_OBJC_IMPLEMENTATIONS = YES;
				CLANG_WARN_DIRECT_OBJC_ISA_USAGE = YES_ERROR;
				CLANG_WARN_DOCUMENTATION_COMMENTS = YES;
				CLANG_WARN_EMPTY_BODY = YES;
				CLANG_WARN_ENUM_CONVERSION = YES;
				CLANG_WARN_INFINITE_RECURSION = YES;
				CLANG_WARN_INT_CONVERSION = YES;
				CLANG_WARN_NON_LITERAL_NULL_CONVERSION = YES;
				CLANG_WARN_OBJC_IMPLICIT_RETAIN_SELF = YES;
				CLANG_WARN_OBJC_LITERAL_CONVERSION = YES;
				CLANG_WARN_OBJC_ROOT_CLASS = YES_ERROR;
				CLANG_WARN_RANGE_LOOP_ANALYSIS = YES;
				CLANG_WARN_STRICT_PROTOTYPES = YES;
				CLANG_WARN_SUSPICIOUS_MOVE = YES;
				CLANG_WARN_UNGUARDED_AVAILABILITY = YES_AGGRESSIVE;
				CLANG_WARN_UNREACHABLE_CODE = YES;
				CLANG_WARN__DUPLICATE_METHOD_MATCH = YES;
				CODE_SIGN_IDENTITY = "iPhone Developer";
				COPY_PHASE_STRIP = NO;
				DEBUG_INFORMATION_FORMAT = "dwarf-with-dsym";
				ENABLE_NS_ASSERTIONS = NO;
				ENABLE_STRICT_OBJC_MSGSEND = YES;
				GCC_C_LANGUAGE_STANDARD = gnu11;
				GCC_NO_COMMON_BLOCKS = YES;
				GCC_WARN_64_TO_32_BIT_CONVERSION = YES;
				GCC_WARN_ABOUT_RETURN_TYPE = YES_ERROR;
				GCC_WARN_UNDECLARED_SELECTOR = YES;
				GCC_WARN_UNINITIALIZED_AUTOS = YES_AGGRESSIVE;
				GCC_WARN_UNUSED_FUNCTION = YES;
				GCC_WARN_UNUSED_VARIABLE = YES;
				IPHONEOS_DEPLOYMENT_TARGET = 12.1;
				MTL_ENABLE_DEBUG_INFO = NO;
				MTL_FAST_MATH = YES;
				SDKROOT = iphoneos;
				SWIFT_COMPILATION_MODE = wholemodule;
				SWIFT_OPTIMIZATION_LEVEL = "-O";
				VALIDATE_PRODUCT = YES;
			};
			name = Release;
		};
		0B25355421DC2F2600205748 /* Debug */ = {
			isa = XCBuildConfiguration;
			buildSettings = {
				ASSETCATALOG_COMPILER_APPICON_NAME = AppIcon;
				CODE_SIGN_STYLE = Automatic;
				DEVELOPMENT_TEAM = 953D3T58L6;
				INFOPLIST_FILE = SWAPI/Info.plist;
				LD_RUNPATH_SEARCH_PATHS = (
					"$(inherited)",
					"@executable_path/Frameworks",
				);
				PRODUCT_BUNDLE_IDENTIFIER = com.joshuaborck.SWAPI;
				PRODUCT_NAME = "$(TARGET_NAME)";
				SWIFT_VERSION = 4.2;
				TARGETED_DEVICE_FAMILY = "1,2";
			};
			name = Debug;
		};
		0B25355521DC2F2600205748 /* Release */ = {
			isa = XCBuildConfiguration;
			buildSettings = {
				ASSETCATALOG_COMPILER_APPICON_NAME = AppIcon;
				CODE_SIGN_STYLE = Automatic;
				DEVELOPMENT_TEAM = 953D3T58L6;
				INFOPLIST_FILE = SWAPI/Info.plist;
				LD_RUNPATH_SEARCH_PATHS = (
					"$(inherited)",
					"@executable_path/Frameworks",
				);
				PRODUCT_BUNDLE_IDENTIFIER = com.joshuaborck.SWAPI;
				PRODUCT_NAME = "$(TARGET_NAME)";
				SWIFT_VERSION = 4.2;
				TARGETED_DEVICE_FAMILY = "1,2";
			};
			name = Release;
		};
/* End XCBuildConfiguration section */

/* Begin XCConfigurationList section */
		0B25353C21DC2F2200205748 /* Build configuration list for PBXProject "SWAPI" */ = {
			isa = XCConfigurationList;
			buildConfigurations = (
				0B25355121DC2F2600205748 /* Debug */,
				0B25355221DC2F2600205748 /* Release */,
			);
			defaultConfigurationIsVisible = 0;
			defaultConfigurationName = Release;
		};
		0B25355321DC2F2600205748 /* Build configuration list for PBXNativeTarget "SWAPI" */ = {
			isa = XCConfigurationList;
			buildConfigurations = (
				0B25355421DC2F2600205748 /* Debug */,
				0B25355521DC2F2600205748 /* Release */,
			);
			defaultConfigurationIsVisible = 0;
			defaultConfigurationName = Release;
		};
/* End XCConfigurationList section */
	};
	rootObject = 0B25353921DC2F2200205748 /* Project object */;
}
